{
    "_readme": [
        "This file locks the dependencies of your project to a known state",
        "Read more about it at https://getcomposer.org/doc/01-basic-usage.md#installing-dependencies",
        "This file is @generated automatically"
    ],
    "content-hash": "380cae9dbaaa174fe9d0f66b00b3ba4f",
    "packages": [
        {
            "name": "rpurinton/config",
            "version": "1.0.22",
            "source": {
                "type": "git",
                "url": "https://github.com/rpurinton/config.git",
                "reference": "581d28e4dfea0f4fbb09e811df8947a30c0a1ad9"
            },
            "dist": {
                "type": "zip",
                "url": "https://api.github.com/repos/rpurinton/config/zipball/581d28e4dfea0f4fbb09e811df8947a30c0a1ad9",
                "reference": "581d28e4dfea0f4fbb09e811df8947a30c0a1ad9",
                "shasum": ""
            },
            "require": {
                "ext-json": "*",
                "php": "^8.0"
            },
            "type": "library",
            "autoload": {
                "psr-4": {
                    "RPurinton\\": "src/"
                }
            },
            "notification-url": "https://packagist.org/downloads/",
            "license": [
                "MIT"
            ],
            "authors": [
                {
                    "name": "Russell Purinton",
                    "email": "russell.purinton@gmail.com"
                }
            ],
            "description": "A basic configuration loading utility.",
            "support": {
                "issues": "https://github.com/rpurinton/config/issues",
                "source": "https://github.com/rpurinton/config/tree/1.0.22"
            },
            "time": "2025-02-23T15:58:51+00:00"
        },
        {
            "name": "rpurinton/https",
            "version": "1.0.18",
            "source": {
                "type": "git",
                "url": "https://github.com/rpurinton/https.git",
                "reference": "46ad0bf4c63c686c75184293634629b2fb25c46a"
            },
            "dist": {
                "type": "zip",
                "url": "https://api.github.com/repos/rpurinton/https/zipball/46ad0bf4c63c686c75184293634629b2fb25c46a",
                "reference": "46ad0bf4c63c686c75184293634629b2fb25c46a",
                "shasum": ""
            },
            "require": {
                "ext-curl": "*",
                "php": "^8.0"
            },
            "type": "library",
            "autoload": {
                "psr-4": {
                    "RPurinton\\": "src/"
                }
            },
            "notification-url": "https://packagist.org/downloads/",
            "license": [
                "MIT"
            ],
            "authors": [
                {
                    "name": "Russell Purinton",
                    "email": "russell.purinton@gmail.com"
                }
            ],
            "description": "Abstract Static Class for making HTTPS Requests in PHP/Composer",
            "support": {
                "issues": "https://github.com/rpurinton/https/issues",
                "source": "https://github.com/rpurinton/https/tree/1.0.18"
            },
            "time": "2025-02-25T22:43:21+00:00"
        },
        {
            "name": "rpurinton/log",
            "version": "1.0.22",
            "source": {
                "type": "git",
                "url": "https://github.com/rpurinton/log.git",
                "reference": "f54b8a994caa6c9c95bd5e68fbb462d409504872"
            },
            "dist": {
                "type": "zip",
                "url": "https://api.github.com/repos/rpurinton/log/zipball/f54b8a994caa6c9c95bd5e68fbb462d409504872",
                "reference": "f54b8a994caa6c9c95bd5e68fbb462d409504872",
                "shasum": ""
            },
            "require": {
                "php": "^8.0",
                "rpurinton/config": "^1.0",
                "rpurinton/webhook": "^1.0"
            },
            "type": "library",
            "autoload": {
                "psr-4": {
                    "RPurinton\\": "src/"
                }
            },
            "notification-url": "https://packagist.org/downloads/",
            "license": [
                "MIT"
            ],
            "authors": [
                {
                    "name": "Russell Purinton",
                    "email": "russell.purinton@gmail.com"
                }
            ],
            "description": "A Logging Library",
            "support": {
                "issues": "https://github.com/rpurinton/log/issues",
                "source": "https://github.com/rpurinton/log/tree/1.0.22"
            },
            "time": "2025-02-25T22:31:36+00:00"
        },
        {
            "name": "rpurinton/webhook",
            "version": "1.0.4",
            "source": {
                "type": "git",
                "url": "https://github.com/rpurinton/webhook.git",
                "reference": "8f2d8c945b96bcb30fda2ac36ca5890920c8f2ae"
            },
            "dist": {
                "type": "zip",
                "url": "https://api.github.com/repos/rpurinton/webhook/zipball/8f2d8c945b96bcb30fda2ac36ca5890920c8f2ae",
                "reference": "8f2d8c945b96bcb30fda2ac36ca5890920c8f2ae",
                "shasum": ""
            },
            "require": {
                "php": "^8.0",
                "rpurinton/https": "^1.0"
            },
            "type": "library",
            "autoload": {
                "psr-4": {
                    "RPurinton\\": "src/"
                }
            },
            "notification-url": "https://packagist.org/downloads/",
            "license": [
                "MIT"
            ],
            "authors": [
                {
                    "name": "Russell Purinton",
                    "email": "russell.purinton@gmail.com"
                }
            ],
            "description": "A PHP Library for posting to webhooks.",
            "support": {
                "issues": "https://github.com/rpurinton/webhook/issues",
                "source": "https://github.com/rpurinton/webhook/tree/1.0.4"
            },
            "time": "2025-02-24T18:37:14+00:00"
        }
    ],
    "packages-dev": [],
    "aliases": [],
    "minimum-stability": "stable",
    "stability-flags": {},
    "prefer-stable": false,
    "prefer-lowest": false,
    "platform": {},
    "platform-dev": {},
    "plugin-api-version": "2.6.0"
}
