{
    "_readme": [
        "This file locks the dependencies of your project to a known state",
        "Read more about it at https://getcomposer.org/doc/01-basic-usage.md#installing-dependencies",
        "This file is @generated automatically"
    ],
    "content-hash": "7e9902bcb9b4dca583e2c06c486e0ba1",
    "packages": [
        {
            "name": "rpurinton/config",
            "version": "1.0.14",
            "source": {
                "type": "git",
                "url": "https://github.com/rpurinton/config.git",
                "reference": "e78181e10d07ab6bdadb627ca6253e053383a0bd"
            },
            "dist": {
                "type": "zip",
                "url": "https://api.github.com/repos/rpurinton/config/zipball/e78181e10d07ab6bdadb627ca6253e053383a0bd",
                "reference": "e78181e10d07ab6bdadb627ca6253e053383a0bd",
                "shasum": ""
            },
            "require": {
                "ext-json": "*",
                "php": "^8.0"
            },
            "type": "library",
            "autoload": {
                "psr-4": {
                    "RPurinton\\": "src/"
                }
            },
            "notification-url": "https://packagist.org/downloads/",
            "license": [
                "MIT"
            ],
            "authors": [
                {
                    "name": "Russell Purinton",
                    "email": "russell.purinton@gmail.com"
                }
            ],
            "description": "A basic configuration loading utility.",
            "support": {
                "issues": "https://github.com/rpurinton/config/issues",
                "source": "https://github.com/rpurinton/config/tree/1.0.14"
            },
            "time": "2025-02-20T22:39:53+00:00"
        }
    ],
    "packages-dev": [],
    "aliases": [],
    "minimum-stability": "stable",
    "stability-flags": {},
    "prefer-stable": false,
    "prefer-lowest": false,
    "platform": {},
    "platform-dev": {},
    "plugin-api-version": "2.6.0"
}
